{
  "version": 4,
  "terraform_version": "1.5.7",
  "serial": 1,
  "lineage": "14f734d5-fd57-7ef8-c1a6-97e0e90ebfdf",
  "outputs": {},
  "resources": [
    {
      "mode": "managed",
      "type": "aws_instance",
      "name": "runner",
      "provider": "provider[\"registry.terraform.io/hashicorp/aws\"]",
      "instances": [
        {
          "schema_version": 1,
          "attributes": {
            "ami": "ami-03c6e942630d78a20",
            "arn": "arn:aws:ec2:us-east-1:741168209198:instance/i-0d15945e901233ffe",
            "associate_public_ip_address": false,
            "availability_zone": "us-east-1a",
            "capacity_reservation_specification": [
              {
                "capacity_reservation_preference": "open",
                "capacity_reservation_target": []
              }
            ],
            "cpu_core_count": 4,
            "cpu_options": [
              {
                "amd_sev_snp": "",
                "core_count": 4,
                "threads_per_core": 2
              }
            ],
            "cpu_threads_per_core": 2,
            "credit_specification": [
              {
                "cpu_credits": "standard"
              }
            ],
            "disable_api_stop": false,
            "disable_api_termination": false,
            "ebs_block_device": [],
            "ebs_optimized": true,
            "enclave_options": [
              {
                "enabled": false
              }
            ],
            "ephemeral_block_device": [],
            "get_password_data": false,
            "hibernation": false,
            "host_id": "",
            "host_resource_group_arn": null,
            "iam_instance_profile": "CloudWatchAgentServerRole_VNNCLD",
            "id": "i-0d15945e901233ffe",
            "instance_initiated_shutdown_behavior": "stop",
            "instance_lifecycle": "",
            "instance_market_options": [],
            "instance_state": "running",
            "instance_type": "t3.2xlarge",
            "ipv6_address_count": 0,
            "ipv6_addresses": [],
            "key_name": "gitlab-runner",
            "launch_template": [],
            "maintenance_options": [
              {
                "auto_recovery": "default"
              }
            ],
            "metadata_options": [
              {
                "http_endpoint": "enabled",
                "http_protocol_ipv6": "disabled",
                "http_put_response_hop_limit": 1,
                "http_tokens": "optional",
                "instance_metadata_tags": "enabled"
              }
            ],
            "monitoring": true,
            "network_interface": [],
            "outpost_arn": "",
            "password_data": "",
            "placement_group": "",
            "placement_partition_number": 0,
            "primary_network_interface_id": "eni-0626bab975eb7ab28",
            "private_dns": "ip-10-137-12-19.ec2.internal",
            "private_dns_name_options": [
              {
                "enable_resource_name_dns_a_record": false,
                "enable_resource_name_dns_aaaa_record": false,
                "hostname_type": "ip-name"
              }
            ],
            "private_ip": "10.137.12.19",
            "public_dns": "",
            "public_ip": "",
            "root_block_device": [
              {
                "delete_on_termination": true,
                "device_name": "/dev/sda1",
                "encrypted": false,
                "iops": 900,
                "kms_key_id": "",
                "tags": {
                  "Name": "GITRUNNERAWSPRD",
                  "appGuardian": "devops",
                  "applicationName": "gitlab-runner",
                  "businessUnit": "digital it",
                  "costCenter": "7409001113",
                  "env": "PRD",
                  "productName": "gitlab-runner",
                  "productOwner": "Cloud Tribe",
                  "tecnology": "gitlab"
                },
                "throughput": 0,
                "volume_id": "vol-08f4e904008497a31",
                "volume_size": 300,
                "volume_type": "gp2"
              }
            ],
            "secondary_private_ips": [],
            "security_groups": [],
            "source_dest_check": true,
            "spot_instance_request_id": "",
            "subnet_id": "subnet-071cd0019bf76b9c9",
            "tags": {
              "Backup": "Yes",
              "Name": "GITRUNNERAWSPRD",
              "QSConfigName-hyzjh": "AWS-ScanForPatches",
              "ScheduleEnabled": "True",
              "StartTime": "06:00",
              "StopTime": "22:00",
              "appGuardian": "devops",
              "applicationName": "gitlab-runner",
              "businessUnit": "digital it",
              "costCenter": "7409001113",
              "createdByTerraform": "yes",
              "creationDate": "2022/08/17",
              "env": "dev",
              "productName": "gitlab-runner",
              "productOwner": "Cloud Tribe",
              "tecnology": "gitlab"
            },
            "tags_all": {
              "Backup": "Yes",
              "Name": "GITRUNNERAWSPRD",
              "QSConfigName-hyzjh": "AWS-ScanForPatches",
              "ScheduleEnabled": "True",
              "StartTime": "06:00",
              "StopTime": "22:00",
              "appGuardian": "devops",
              "applicationName": "gitlab-runner",
              "businessUnit": "digital it",
              "costCenter": "7409001113",
              "createdByTerraform": "yes",
              "creationDate": "2022/08/17",
              "env": "dev",
              "productName": "gitlab-runner",
              "productOwner": "Cloud Tribe",
              "tecnology": "gitlab"
            },
            "tenancy": "default",
            "timeouts": null,
            "user_data": "a4e69f0e0a9ca04fdc63fe808e11f7bdefad8d46",
            "user_data_base64": null,
            "user_data_replace_on_change": null,
            "volume_tags": null,
            "vpc_security_group_ids": [
              "sg-01e8e666902296563",
              "sg-0281bcfb87abb8bdc"
            ]
          },
          "sensitive_attributes": [],
          "private": "eyJlMmJmYjczMC1lY2FhLTExZTYtOGY4OC0zNDM2M2JjN2M0YzAiOnsiY3JlYXRlIjo2MDAwMDAwMDAwMDAsImRlbGV0ZSI6MTIwMDAwMDAwMDAwMCwidXBkYXRlIjo2MDAwMDAwMDAwMDB9LCJzY2hlbWFfdmVyc2lvbiI6IjEifQ=="
        }
      ]
    }
  ],
  "check_results": null
}
